
Microsoft Visual Studio Solution File, Format Version 12.00
# Visual Studio Version 17
VisualStudioVersion = 17.14.36119.2 d17.14
MinimumVisualStudioVersion = 10.0.40219.1
Project("{8BC9CEB8-8B4A-11D0-8D11-00A0C91BC942}") = "example_directx11", "examples\example_directx11\example_directx11.vcxproj", "{D778C3EB-A901-46D1-A431-1013088F4363}"
EndProject
Project("{8BC9CEB8-8B4A-11D0-8D11-00A0C91BC942}") = "tests", "tests\tests.vcxproj", "{5DC1F5DC-7EDF-436E-9B73-81850A6C1F9F}"
EndProject
Global
	GlobalSection(SolutionConfigurationPlatforms) = preSolution
		Debug|x64 = Debug|x64
		Debug|x86 = Debug|x86
		Release|x64 = Release|x64
		Release|x86 = Release|x86
	EndGlobalSection
	GlobalSection(ProjectConfigurationPlatforms) = postSolution
		{D778C3EB-A901-46D1-A431-1013088F4363}.Debug|x64.ActiveCfg = Debug|x64
		{D778C3EB-A901-46D1-A431-1013088F4363}.Debug|x64.Build.0 = Debug|x64
		{D778C3EB-A901-46D1-A431-1013088F4363}.Debug|x86.ActiveCfg = Debug|Win32
		{D778C3EB-A901-46D1-A431-1013088F4363}.Debug|x86.Build.0 = Debug|Win32
		{D778C3EB-A901-46D1-A431-1013088F4363}.Release|x64.ActiveCfg = Release|x64
		{D778C3EB-A901-46D1-A431-1013088F4363}.Release|x64.Build.0 = Release|x64
		{D778C3EB-A901-46D1-A431-1013088F4363}.Release|x86.ActiveCfg = Release|Win32
		{D778C3EB-A901-46D1-A431-1013088F4363}.Release|x86.Build.0 = Release|Win32
		{5DC1F5DC-7EDF-436E-9B73-81850A6C1F9F}.Debug|x64.ActiveCfg = Debug|x64
		{5DC1F5DC-7EDF-436E-9B73-81850A6C1F9F}.Debug|x64.Build.0 = Debug|x64
		{5DC1F5DC-7EDF-436E-9B73-81850A6C1F9F}.Debug|x86.ActiveCfg = Debug|Win32
		{5DC1F5DC-7EDF-436E-9B73-81850A6C1F9F}.Debug|x86.Build.0 = Debug|Win32
		{5DC1F5DC-7EDF-436E-9B73-81850A6C1F9F}.Release|x64.ActiveCfg = Release|x64
		{5DC1F5DC-7EDF-436E-9B73-81850A6C1F9F}.Release|x64.Build.0 = Release|x64
		{5DC1F5DC-7EDF-436E-9B73-81850A6C1F9F}.Release|x86.ActiveCfg = Release|Win32
		{5DC1F5DC-7EDF-436E-9B73-81850A6C1F9F}.Release|x86.Build.0 = Release|Win32
	EndGlobalSection
	GlobalSection(SolutionProperties) = preSolution
		HideSolutionNode = FALSE
	EndGlobalSection
	GlobalSection(ExtensibilityGlobals) = postSolution
		SolutionGuid = {61F9D549-1C69-4C07-87C0-7A38319FDE06}
	EndGlobalSection
EndGlobal
